
Microsoft Visual Studio Solution File, Format Version 12.00
# Visual Studio 14
VisualStudioVersion = 14.0.25420.1
MinimumVisualStudioVersion = 10.0.40219.1
Project("{FAE04EC0-301F-11D3-BF4B-00C04F79EFBC}") = "MMXEngine.Windows", "MMXEngine\MMXEngine.Windows.csproj", "{A6FD1815-559F-4814-AFDF-D6AB9ECE5EA4}"
EndProject
Project("{FAE04EC0-301F-11D3-BF4B-00C04F79EFBC}") = "MMXEngine.Interfaces", "MMXEngine.Interfaces\MMXEngine.Interfaces.csproj", "{345D211C-7EC0-4BE4-AE58-24DF72534D9F}"
EndProject
Project("{FAE04EC0-301F-11D3-BF4B-00C04F79EFBC}") = "MMXEngine.ECS", "MMXEngine.Entities\MMXEngine.ECS.csproj", "{42DF8606-533D-4C5C-9CF0-437446B8F6DC}"
EndProject
Project("{2150E333-8FDC-42A3-9474-1A3956D46DE8}") = "1. Game", "1. Game", "{948DC39A-8C7B-4881-B4DD-48C33B3C1808}"
EndProject
Project("{2150E333-8FDC-42A3-9474-1A3956D46DE8}") = "4. Entities + Components", "4. Entities + Components", "{C7361AE3-AE8F-4F95-934C-9C053FE46DC9}"
EndProject
Project("{2150E333-8FDC-42A3-9474-1A3956D46DE8}") = "5. Interfaces", "5. Interfaces", "{C087D4C7-17F6-4E4A-958B-F7C37F84E6E0}"
EndProject
Project("{FAE04EC0-301F-11D3-BF4B-00C04F79EFBC}") = "MMXEngine.ECS.Tests", "MMXEngine.Entities.Tests\MMXEngine.ECS.Tests.csproj", "{0C9298D2-EBF5-4927-A4D1-16AD30BAB007}"
EndProject
Project("{FAE04EC0-301F-11D3-BF4B-00C04F79EFBC}") = "MMXEngine.Windows.Tests", "MMXEngine.Tests\MMXEngine.Windows.Tests.csproj", "{568E4DF5-4569-4CC6-B6CF-D5A27A4F74C0}"
EndProject
Project("{2150E333-8FDC-42A3-9474-1A3956D46DE8}") = "99. Common", "99. Common", "{A6081404-0516-42BE-82F9-BAF88356E846}"
EndProject
Project("{FAE04EC0-301F-11D3-BF4B-00C04F79EFBC}") = "MMXEngine.Common", "MMXEngine.Common\MMXEngine.Common.csproj", "{3AD013D0-9E57-49B7-A48B-8BFAEAFF1DB8}"
EndProject
Project("{FAE04EC0-301F-11D3-BF4B-00C04F79EFBC}") = "MMXEngine.Common.Tests", "MMXEngine.Common.Tests\MMXEngine.Common.Tests.csproj", "{3CA712FF-DBD8-424E-8EB5-ECD4BB066B20}"
EndProject
Project("{2150E333-8FDC-42A3-9474-1A3956D46DE8}") = "2. Systems", "2. Systems", "{FAA38D35-F146-4624-B1F3-ED0632BE781F}"
EndProject
Project("{FAE04EC0-301F-11D3-BF4B-00C04F79EFBC}") = "MMXEngine.Systems", "MMXEngine.Systems\MMXEngine.Systems.csproj", "{802DF28F-E080-4D2D-8B2A-D11637830ADF}"
EndProject
Project("{FAE04EC0-301F-11D3-BF4B-00C04F79EFBC}") = "MMXEngine.Systems.Tests", "MMXEngine.Systems.Tests\MMXEngine.Systems.Tests.csproj", "{BCA25265-B8DD-425D-8E34-9EB30C170082}"
EndProject
Project("{2150E333-8FDC-42A3-9474-1A3956D46DE8}") = "6. Content", "6. Content", "{E4D81AC6-A147-4DE6-8BC7-EE15823B2E42}"
EndProject
Project("{FAE04EC0-301F-11D3-BF4B-00C04F79EFBC}") = "MMXEngine.Content", "MMXEngine.Content\MMXEngine.Content.csproj", "{6604A977-5D69-4A51-9CD5-4A07C360280F}"
EndProject
Project("{2150E333-8FDC-42A3-9474-1A3956D46DE8}") = "3. Script Engine", "3. Script Engine", "{D73A77F0-685E-41BB-AC37-90AA13579970}"
EndProject
Project("{FAE04EC0-301F-11D3-BF4B-00C04F79EFBC}") = "MMXEngine.ScriptEngine", "MMXEngine.ScriptEngine\MMXEngine.ScriptEngine.csproj", "{BD8A123C-867B-4EE3-84E7-CA942FDFDB69}"
EndProject
Project("{FAE04EC0-301F-11D3-BF4B-00C04F79EFBC}") = "MMXEngine.ScriptEngine.Tests", "MMXEngine.ScriptEngine.Tests\MMXEngine.ScriptEngine.Tests.csproj", "{2E673B02-97E8-4765-9806-1A698C9C486E}"
EndProject
Project("{FAE04EC0-301F-11D3-BF4B-00C04F79EFBC}") = "MMXEngine.Testing.Shared", "MMXEngine.Testing.Shared\MMXEngine.Testing.Shared.csproj", "{33B6BF66-2A68-42EF-95DC-B289424D3C95}"
EndProject
Project("{2150E333-8FDC-42A3-9474-1A3956D46DE8}") = "0. Tools", "0. Tools", "{30D328B0-74B4-40BD-9A65-41DAF32FD1AC}"
EndProject
Project("{FAE04EC0-301F-11D3-BF4B-00C04F79EFBC}") = "MMXEngine.Toolkit", "MMXEngine.Toolkit\MMXEngine.Toolkit.csproj", "{C8DB5148-A90D-4C86-A518-23B666D5CE5A}"
EndProject
Global
	GlobalSection(SolutionConfigurationPlatforms) = preSolution
		Debug|Any CPU = Debug|Any CPU
		Release|Any CPU = Release|Any CPU
	EndGlobalSection
	GlobalSection(ProjectConfigurationPlatforms) = postSolution
		{A6FD1815-559F-4814-AFDF-D6AB9ECE5EA4}.Debug|Any CPU.ActiveCfg = Debug|Any CPU
		{A6FD1815-559F-4814-AFDF-D6AB9ECE5EA4}.Debug|Any CPU.Build.0 = Debug|Any CPU
		{A6FD1815-559F-4814-AFDF-D6AB9ECE5EA4}.Release|Any CPU.ActiveCfg = Release|Any CPU
		{A6FD1815-559F-4814-AFDF-D6AB9ECE5EA4}.Release|Any CPU.Build.0 = Release|Any CPU
		{345D211C-7EC0-4BE4-AE58-24DF72534D9F}.Debug|Any CPU.ActiveCfg = Debug|Any CPU
		{345D211C-7EC0-4BE4-AE58-24DF72534D9F}.Debug|Any CPU.Build.0 = Debug|Any CPU
		{345D211C-7EC0-4BE4-AE58-24DF72534D9F}.Release|Any CPU.ActiveCfg = Release|Any CPU
		{345D211C-7EC0-4BE4-AE58-24DF72534D9F}.Release|Any CPU.Build.0 = Release|Any CPU
		{42DF8606-533D-4C5C-9CF0-437446B8F6DC}.Debug|Any CPU.ActiveCfg = Debug|Any CPU
		{42DF8606-533D-4C5C-9CF0-437446B8F6DC}.Debug|Any CPU.Build.0 = Debug|Any CPU
		{42DF8606-533D-4C5C-9CF0-437446B8F6DC}.Release|Any CPU.ActiveCfg = Release|Any CPU
		{42DF8606-533D-4C5C-9CF0-437446B8F6DC}.Release|Any CPU.Build.0 = Release|Any CPU
		{0C9298D2-EBF5-4927-A4D1-16AD30BAB007}.Debug|Any CPU.ActiveCfg = Debug|Any CPU
		{0C9298D2-EBF5-4927-A4D1-16AD30BAB007}.Debug|Any CPU.Build.0 = Debug|Any CPU
		{0C9298D2-EBF5-4927-A4D1-16AD30BAB007}.Release|Any CPU.ActiveCfg = Release|Any CPU
		{0C9298D2-EBF5-4927-A4D1-16AD30BAB007}.Release|Any CPU.Build.0 = Release|Any CPU
		{568E4DF5-4569-4CC6-B6CF-D5A27A4F74C0}.Debug|Any CPU.ActiveCfg = Debug|Any CPU
		{568E4DF5-4569-4CC6-B6CF-D5A27A4F74C0}.Debug|Any CPU.Build.0 = Debug|Any CPU
		{568E4DF5-4569-4CC6-B6CF-D5A27A4F74C0}.Release|Any CPU.ActiveCfg = Release|Any CPU
		{568E4DF5-4569-4CC6-B6CF-D5A27A4F74C0}.Release|Any CPU.Build.0 = Release|Any CPU
		{3AD013D0-9E57-49B7-A48B-8BFAEAFF1DB8}.Debug|Any CPU.ActiveCfg = Debug|Any CPU
		{3AD013D0-9E57-49B7-A48B-8BFAEAFF1DB8}.Debug|Any CPU.Build.0 = Debug|Any CPU
		{3AD013D0-9E57-49B7-A48B-8BFAEAFF1DB8}.Release|Any CPU.ActiveCfg = Release|Any CPU
		{3AD013D0-9E57-49B7-A48B-8BFAEAFF1DB8}.Release|Any CPU.Build.0 = Release|Any CPU
		{3CA712FF-DBD8-424E-8EB5-ECD4BB066B20}.Debug|Any CPU.ActiveCfg = Debug|Any CPU
		{3CA712FF-DBD8-424E-8EB5-ECD4BB066B20}.Debug|Any CPU.Build.0 = Debug|Any CPU
		{3CA712FF-DBD8-424E-8EB5-ECD4BB066B20}.Release|Any CPU.ActiveCfg = Release|Any CPU
		{3CA712FF-DBD8-424E-8EB5-ECD4BB066B20}.Release|Any CPU.Build.0 = Release|Any CPU
		{802DF28F-E080-4D2D-8B2A-D11637830ADF}.Debug|Any CPU.ActiveCfg = Debug|Any CPU
		{802DF28F-E080-4D2D-8B2A-D11637830ADF}.Debug|Any CPU.Build.0 = Debug|Any CPU
		{802DF28F-E080-4D2D-8B2A-D11637830ADF}.Release|Any CPU.ActiveCfg = Release|Any CPU
		{802DF28F-E080-4D2D-8B2A-D11637830ADF}.Release|Any CPU.Build.0 = Release|Any CPU
		{BCA25265-B8DD-425D-8E34-9EB30C170082}.Debug|Any CPU.ActiveCfg = Debug|Any CPU
		{BCA25265-B8DD-425D-8E34-9EB30C170082}.Debug|Any CPU.Build.0 = Debug|Any CPU
		{BCA25265-B8DD-425D-8E34-9EB30C170082}.Release|Any CPU.ActiveCfg = Release|Any CPU
		{BCA25265-B8DD-425D-8E34-9EB30C170082}.Release|Any CPU.Build.0 = Release|Any CPU
		{6604A977-5D69-4A51-9CD5-4A07C360280F}.Debug|Any CPU.ActiveCfg = Debug|Any CPU
		{6604A977-5D69-4A51-9CD5-4A07C360280F}.Debug|Any CPU.Build.0 = Debug|Any CPU
		{6604A977-5D69-4A51-9CD5-4A07C360280F}.Release|Any CPU.ActiveCfg = Release|Any CPU
		{6604A977-5D69-4A51-9CD5-4A07C360280F}.Release|Any CPU.Build.0 = Release|Any CPU
		{BD8A123C-867B-4EE3-84E7-CA942FDFDB69}.Debug|Any CPU.ActiveCfg = Debug|Any CPU
		{BD8A123C-867B-4EE3-84E7-CA942FDFDB69}.Debug|Any CPU.Build.0 = Debug|Any CPU
		{BD8A123C-867B-4EE3-84E7-CA942FDFDB69}.Release|Any CPU.ActiveCfg = Release|Any CPU
		{BD8A123C-867B-4EE3-84E7-CA942FDFDB69}.Release|Any CPU.Build.0 = Release|Any CPU
		{2E673B02-97E8-4765-9806-1A698C9C486E}.Debug|Any CPU.ActiveCfg = Debug|Any CPU
		{2E673B02-97E8-4765-9806-1A698C9C486E}.Debug|Any CPU.Build.0 = Debug|Any CPU
		{2E673B02-97E8-4765-9806-1A698C9C486E}.Release|Any CPU.ActiveCfg = Release|Any CPU
		{2E673B02-97E8-4765-9806-1A698C9C486E}.Release|Any CPU.Build.0 = Release|Any CPU
		{33B6BF66-2A68-42EF-95DC-B289424D3C95}.Debug|Any CPU.ActiveCfg = Debug|Any CPU
		{33B6BF66-2A68-42EF-95DC-B289424D3C95}.Debug|Any CPU.Build.0 = Debug|Any CPU
		{33B6BF66-2A68-42EF-95DC-B289424D3C95}.Release|Any CPU.ActiveCfg = Release|Any CPU
		{33B6BF66-2A68-42EF-95DC-B289424D3C95}.Release|Any CPU.Build.0 = Release|Any CPU
		{C8DB5148-A90D-4C86-A518-23B666D5CE5A}.Debug|Any CPU.ActiveCfg = Debug|Any CPU
		{C8DB5148-A90D-4C86-A518-23B666D5CE5A}.Debug|Any CPU.Build.0 = Debug|Any CPU
		{C8DB5148-A90D-4C86-A518-23B666D5CE5A}.Release|Any CPU.ActiveCfg = Release|Any CPU
		{C8DB5148-A90D-4C86-A518-23B666D5CE5A}.Release|Any CPU.Build.0 = Release|Any CPU
	EndGlobalSection
	GlobalSection(SolutionProperties) = preSolution
		HideSolutionNode = FALSE
	EndGlobalSection
	GlobalSection(NestedProjects) = preSolution
		{A6FD1815-559F-4814-AFDF-D6AB9ECE5EA4} = {948DC39A-8C7B-4881-B4DD-48C33B3C1808}
		{345D211C-7EC0-4BE4-AE58-24DF72534D9F} = {C087D4C7-17F6-4E4A-958B-F7C37F84E6E0}
		{42DF8606-533D-4C5C-9CF0-437446B8F6DC} = {C7361AE3-AE8F-4F95-934C-9C053FE46DC9}
		{0C9298D2-EBF5-4927-A4D1-16AD30BAB007} = {C7361AE3-AE8F-4F95-934C-9C053FE46DC9}
		{568E4DF5-4569-4CC6-B6CF-D5A27A4F74C0} = {948DC39A-8C7B-4881-B4DD-48C33B3C1808}
		{3AD013D0-9E57-49B7-A48B-8BFAEAFF1DB8} = {A6081404-0516-42BE-82F9-BAF88356E846}
		{3CA712FF-DBD8-424E-8EB5-ECD4BB066B20} = {A6081404-0516-42BE-82F9-BAF88356E846}
		{802DF28F-E080-4D2D-8B2A-D11637830ADF} = {FAA38D35-F146-4624-B1F3-ED0632BE781F}
		{BCA25265-B8DD-425D-8E34-9EB30C170082} = {FAA38D35-F146-4624-B1F3-ED0632BE781F}
		{6604A977-5D69-4A51-9CD5-4A07C360280F} = {E4D81AC6-A147-4DE6-8BC7-EE15823B2E42}
		{BD8A123C-867B-4EE3-84E7-CA942FDFDB69} = {D73A77F0-685E-41BB-AC37-90AA13579970}
		{2E673B02-97E8-4765-9806-1A698C9C486E} = {D73A77F0-685E-41BB-AC37-90AA13579970}
		{33B6BF66-2A68-42EF-95DC-B289424D3C95} = {A6081404-0516-42BE-82F9-BAF88356E846}
		{C8DB5148-A90D-4C86-A518-23B666D5CE5A} = {30D328B0-74B4-40BD-9A65-41DAF32FD1AC}
	EndGlobalSection
EndGlobal
